
Microsoft Visual Studio Solution File, Format Version 12.00
# Visual Studio 15
VisualStudioVersion = 15.0.27703.2026
MinimumVisualStudioVersion = 10.0.40219.1
Project("{FAE04EC0-301F-11D3-BF4B-00C04F79EFBC}") = "The Quiz", "The Quiz\The Quiz.csproj", "{118290C9-A12B-4DA1-A159-95D4EE9FF176}"
EndProject
Global
	GlobalSection(SolutionConfigurationPlatforms) = preSolution
		Debug|Any CPU = Debug|Any CPU
		Release|Any CPU = Release|Any CPU
	EndGlobalSection
	GlobalSection(ProjectConfigurationPlatforms) = postSolution
		{118290C9-A12B-4DA1-A159-95D4EE9FF176}.Debug|Any CPU.ActiveCfg = Debug|Any CPU
		{118290C9-A12B-4DA1-A159-95D4EE9FF176}.Debug|Any CPU.Build.0 = Debug|Any CPU
		{118290C9-A12B-4DA1-A159-95D4EE9FF176}.Release|Any CPU.ActiveCfg = Release|Any CPU
		{118290C9-A12B-4DA1-A159-95D4EE9FF176}.Release|Any CPU.Build.0 = Release|Any CPU
	EndGlobalSection
	GlobalSection(SolutionProperties) = preSolution
		HideSolutionNode = FALSE
	EndGlobalSection
	GlobalSection(ExtensibilityGlobals) = postSolution
		SolutionGuid = {2D54FCDC-F58C-49F4-94A9-B8F8AB85B602}
	EndGlobalSection
EndGlobal
