
Microsoft Visual Studio Solution File, Format Version 12.00
# Visual Studio 15
VisualStudioVersion = 15.0.27703.2026
MinimumVisualStudioVersion = 10.0.40219.1
Project("{FAE04EC0-301F-11D3-BF4B-00C04F79EFBC}") = "1ArmedBandit", "1ArmedBandit\1ArmedBandit.csproj", "{3429F9D3-7781-415B-90F4-410BE05484AD}"
EndProject
Global
	GlobalSection(SolutionConfigurationPlatforms) = preSolution
		Debug|Any CPU = Debug|Any CPU
		Release|Any CPU = Release|Any CPU
	EndGlobalSection
	GlobalSection(ProjectConfigurationPlatforms) = postSolution
		{3429F9D3-7781-415B-90F4-410BE05484AD}.Debug|Any CPU.ActiveCfg = Debug|Any CPU
		{3429F9D3-7781-415B-90F4-410BE05484AD}.Debug|Any CPU.Build.0 = Debug|Any CPU
		{3429F9D3-7781-415B-90F4-410BE05484AD}.Release|Any CPU.ActiveCfg = Release|Any CPU
		{3429F9D3-7781-415B-90F4-410BE05484AD}.Release|Any CPU.Build.0 = Release|Any CPU
	EndGlobalSection
	GlobalSection(SolutionProperties) = preSolution
		HideSolutionNode = FALSE
	EndGlobalSection
	GlobalSection(ExtensibilityGlobals) = postSolution
		SolutionGuid = {041930D0-8F97-4B16-8E07-015A4F6F14DF}
	EndGlobalSection
EndGlobal
