
Microsoft Visual Studio Solution File, Format Version 12.00
# Visual Studio 15
VisualStudioVersion = 15.0.27703.2026
MinimumVisualStudioVersion = 10.0.40219.1
Project("{FAE04EC0-301F-11D3-BF4B-00C04F79EFBC}") = "Arrays 2", "Arrays 2\Arrays 2.csproj", "{4004FECA-738C-4D1E-AB01-004824857D5E}"
EndProject
Global
	GlobalSection(SolutionConfigurationPlatforms) = preSolution
		Debug|Any CPU = Debug|Any CPU
		Release|Any CPU = Release|Any CPU
	EndGlobalSection
	GlobalSection(ProjectConfigurationPlatforms) = postSolution
		{4004FECA-738C-4D1E-AB01-004824857D5E}.Debug|Any CPU.ActiveCfg = Debug|Any CPU
		{4004FECA-738C-4D1E-AB01-004824857D5E}.Debug|Any CPU.Build.0 = Debug|Any CPU
		{4004FECA-738C-4D1E-AB01-004824857D5E}.Release|Any CPU.ActiveCfg = Release|Any CPU
		{4004FECA-738C-4D1E-AB01-004824857D5E}.Release|Any CPU.Build.0 = Release|Any CPU
	EndGlobalSection
	GlobalSection(SolutionProperties) = preSolution
		HideSolutionNode = FALSE
	EndGlobalSection
	GlobalSection(ExtensibilityGlobals) = postSolution
		SolutionGuid = {1A13B4C6-5FCA-4D8A-A69A-811A3F65D64B}
	EndGlobalSection
EndGlobal
